
Microsoft Visual Studio Solution File, Format Version 12.00
# Visual Studio Version 16
VisualStudioVersion = 16.0.31605.320
MinimumVisualStudioVersion = 10.0.40219.1
Project("{8BC9CEB8-8B4A-11D0-8D11-00A0C91BC942}") = "mt2f", "mt2f\mt2f.vcxproj", "{C7D0857F-EB85-4623-8112-B1453536E312}"
EndProject
Project("{8BC9CEB8-8B4A-11D0-8D11-00A0C91BC942}") = "GrainMatching", "GrainMatching\GrainMatching.vcxproj", "{1623D96A-749F-4811-A1E8-4EF23597C8FE}"
EndProject
Project("{8BC9CEB8-8B4A-11D0-8D11-00A0C91BC942}") = "GrainMatching_r", "GrainMatching_r\GrainMatching_r.vcxproj", "{A74E04EB-E40D-42F8-8FCF-8E2C96932C4C}"
EndProject
Project("{8BC9CEB8-8B4A-11D0-8D11-00A0C91BC942}") = "GrainMatching4vib", "GrainMatching4vib\GrainMatching4vib.vcxproj", "{2F4D288E-21AC-46F9-A650-7977F344AD19}"
EndProject
Project("{8BC9CEB8-8B4A-11D0-8D11-00A0C91BC942}") = "mt2f_tancut", "mt2f_tancut\mt2f_tancut.vcxproj", "{C0BF669D-2E7F-4190-825E-DF4E84716DCF}"
EndProject
Project("{8BC9CEB8-8B4A-11D0-8D11-00A0C91BC942}") = "rl-serch", "rl-serch\rl-serch.vcxproj", "{F9D282A8-35CB-4D7C-9352-7623196BDA15}"
EndProject
Project("{8BC9CEB8-8B4A-11D0-8D11-00A0C91BC942}") = "mt_txt2csv", "mt_txt2csv\mt_txt2csv.vcxproj", "{7F77FCBD-97C8-4C43-A447-E6EE0B627603}"
EndProject
Project("{8BC9CEB8-8B4A-11D0-8D11-00A0C91BC942}") = "CUDAtest", "CUDAtest\CUDAtest.vcxproj", "{507BC19D-FFF1-4327-9E97-4D626549F379}"
EndProject
Project("{8BC9CEB8-8B4A-11D0-8D11-00A0C91BC942}") = "rawrawTrackCalc", "rawrawTrackCalc\rawrawTrackCalc.vcxproj", "{05411A89-71EE-4B9F-83E3-A1FFCC773763}"
EndProject
Project("{8BC9CEB8-8B4A-11D0-8D11-00A0C91BC942}") = "check_pixel", "check_pixel\check_pixel.vcxproj", "{3F361F89-995C-49D1-9CB2-7D8029CB90C6}"
EndProject
Project("{8BC9CEB8-8B4A-11D0-8D11-00A0C91BC942}") = "GrainMatching4Aff", "GrainMatching4Aff\GrainMatching4Aff.vcxproj", "{5D647EFF-CB5D-43AE-9726-E7912DCC0C5F}"
EndProject
Project("{8BC9CEB8-8B4A-11D0-8D11-00A0C91BC942}") = "GrainMatching4Ali", "GrainMatching4Ali\GrainMatching4Ali.vcxproj", "{7BBC4AD0-F9B0-404B-8EAE-4C2E748EFE9A}"
EndProject
Project("{8BC9CEB8-8B4A-11D0-8D11-00A0C91BC942}") = "GrainMatching4z-match", "GrainMatching4z-match\GrainMatching4z-match.vcxproj", "{443750E4-6161-4053-A738-7D5CFF02C773}"
EndProject
Project("{8BC9CEB8-8B4A-11D0-8D11-00A0C91BC942}") = "bi2fvxx", "bi2fvxx\bi2fvxx.vcxproj", "{A15EA0EE-1B7C-49EE-B608-51428EBA9B6A}"
EndProject
Project("{8BC9CEB8-8B4A-11D0-8D11-00A0C91BC942}") = "pixel2stage", "pixel2stage\pixel2stage.vcxproj", "{62017031-25D2-4432-B875-DF08DBC4D87F}"
EndProject
Project("{8BC9CEB8-8B4A-11D0-8D11-00A0C91BC942}") = "img2stage_all", "img2stage_all\img2stage_all.vcxproj", "{9CBD6EDC-FFE5-438E-984F-2AA6C839C43A}"
EndProject
Project("{8BC9CEB8-8B4A-11D0-8D11-00A0C91BC942}") = "GrainMatching_in_Stage", "GrainMatching_in_Stage\GrainMatching_in_Stage.vcxproj", "{B67005D3-79A8-4E01-8FEF-3A14E100ED36}"
EndProject
Project("{8BC9CEB8-8B4A-11D0-8D11-00A0C91BC942}") = "GrainMatching_in_allsensor", "GrainMatching_in_allsensor\GrainMatching_in_allsensor.vcxproj", "{AAE7DD63-724C-4043-BE7F-2D4DDB207CD6}"
EndProject
Project("{8BC9CEB8-8B4A-11D0-8D11-00A0C91BC942}") = "GrainMatching4Aff_second", "GrainMatching4Aff_second\GrainMatching4Aff_second.vcxproj", "{DFCE8297-3AB7-4059-96DC-A50E327B587B}"
EndProject
Project("{8BC9CEB8-8B4A-11D0-8D11-00A0C91BC942}") = "trance_resize_coor", "trance_resize_pos\trance_resize_pos.vcxproj", "{8FCC099F-DB79-418F-8265-86ABE86BF9F0}"
EndProject
Global
	GlobalSection(SolutionConfigurationPlatforms) = preSolution
		Debug|Any CPU = Debug|Any CPU
		Debug|x64 = Debug|x64
		Debug|x86 = Debug|x86
		Release|Any CPU = Release|Any CPU
		Release|x64 = Release|x64
		Release|x86 = Release|x86
	EndGlobalSection
	GlobalSection(ProjectConfigurationPlatforms) = postSolution
		{C7D0857F-EB85-4623-8112-B1453536E312}.Debug|Any CPU.ActiveCfg = Debug|Win32
		{C7D0857F-EB85-4623-8112-B1453536E312}.Debug|x64.ActiveCfg = Debug|x64
		{C7D0857F-EB85-4623-8112-B1453536E312}.Debug|x64.Build.0 = Debug|x64
		{C7D0857F-EB85-4623-8112-B1453536E312}.Debug|x86.ActiveCfg = Debug|Win32
		{C7D0857F-EB85-4623-8112-B1453536E312}.Debug|x86.Build.0 = Debug|Win32
		{C7D0857F-EB85-4623-8112-B1453536E312}.Release|Any CPU.ActiveCfg = Release|Win32
		{C7D0857F-EB85-4623-8112-B1453536E312}.Release|x64.ActiveCfg = Release|x64
		{C7D0857F-EB85-4623-8112-B1453536E312}.Release|x64.Build.0 = Release|x64
		{C7D0857F-EB85-4623-8112-B1453536E312}.Release|x86.ActiveCfg = Release|Win32
		{C7D0857F-EB85-4623-8112-B1453536E312}.Release|x86.Build.0 = Release|Win32
		{1623D96A-749F-4811-A1E8-4EF23597C8FE}.Debug|Any CPU.ActiveCfg = Debug|Win32
		{1623D96A-749F-4811-A1E8-4EF23597C8FE}.Debug|x64.ActiveCfg = Debug|x64
		{1623D96A-749F-4811-A1E8-4EF23597C8FE}.Debug|x64.Build.0 = Debug|x64
		{1623D96A-749F-4811-A1E8-4EF23597C8FE}.Debug|x86.ActiveCfg = Debug|Win32
		{1623D96A-749F-4811-A1E8-4EF23597C8FE}.Debug|x86.Build.0 = Debug|Win32
		{1623D96A-749F-4811-A1E8-4EF23597C8FE}.Release|Any CPU.ActiveCfg = Release|Win32
		{1623D96A-749F-4811-A1E8-4EF23597C8FE}.Release|x64.ActiveCfg = Release|x64
		{1623D96A-749F-4811-A1E8-4EF23597C8FE}.Release|x64.Build.0 = Release|x64
		{1623D96A-749F-4811-A1E8-4EF23597C8FE}.Release|x86.ActiveCfg = Release|Win32
		{1623D96A-749F-4811-A1E8-4EF23597C8FE}.Release|x86.Build.0 = Release|Win32
		{A74E04EB-E40D-42F8-8FCF-8E2C96932C4C}.Debug|Any CPU.ActiveCfg = Debug|Win32
		{A74E04EB-E40D-42F8-8FCF-8E2C96932C4C}.Debug|x64.ActiveCfg = Debug|x64
		{A74E04EB-E40D-42F8-8FCF-8E2C96932C4C}.Debug|x64.Build.0 = Debug|x64
		{A74E04EB-E40D-42F8-8FCF-8E2C96932C4C}.Debug|x86.ActiveCfg = Debug|Win32
		{A74E04EB-E40D-42F8-8FCF-8E2C96932C4C}.Debug|x86.Build.0 = Debug|Win32
		{A74E04EB-E40D-42F8-8FCF-8E2C96932C4C}.Release|Any CPU.ActiveCfg = Release|Win32
		{A74E04EB-E40D-42F8-8FCF-8E2C96932C4C}.Release|x64.ActiveCfg = Release|x64
		{A74E04EB-E40D-42F8-8FCF-8E2C96932C4C}.Release|x64.Build.0 = Release|x64
		{A74E04EB-E40D-42F8-8FCF-8E2C96932C4C}.Release|x86.ActiveCfg = Release|Win32
		{A74E04EB-E40D-42F8-8FCF-8E2C96932C4C}.Release|x86.Build.0 = Release|Win32
		{2F4D288E-21AC-46F9-A650-7977F344AD19}.Debug|Any CPU.ActiveCfg = Debug|Win32
		{2F4D288E-21AC-46F9-A650-7977F344AD19}.Debug|x64.ActiveCfg = Debug|x64
		{2F4D288E-21AC-46F9-A650-7977F344AD19}.Debug|x64.Build.0 = Debug|x64
		{2F4D288E-21AC-46F9-A650-7977F344AD19}.Debug|x86.ActiveCfg = Debug|Win32
		{2F4D288E-21AC-46F9-A650-7977F344AD19}.Debug|x86.Build.0 = Debug|Win32
		{2F4D288E-21AC-46F9-A650-7977F344AD19}.Release|Any CPU.ActiveCfg = Release|Win32
		{2F4D288E-21AC-46F9-A650-7977F344AD19}.Release|x64.ActiveCfg = Release|x64
		{2F4D288E-21AC-46F9-A650-7977F344AD19}.Release|x64.Build.0 = Release|x64
		{2F4D288E-21AC-46F9-A650-7977F344AD19}.Release|x86.ActiveCfg = Release|Win32
		{2F4D288E-21AC-46F9-A650-7977F344AD19}.Release|x86.Build.0 = Release|Win32
		{C0BF669D-2E7F-4190-825E-DF4E84716DCF}.Debug|Any CPU.ActiveCfg = Debug|Win32
		{C0BF669D-2E7F-4190-825E-DF4E84716DCF}.Debug|x64.ActiveCfg = Debug|x64
		{C0BF669D-2E7F-4190-825E-DF4E84716DCF}.Debug|x64.Build.0 = Debug|x64
		{C0BF669D-2E7F-4190-825E-DF4E84716DCF}.Debug|x86.ActiveCfg = Debug|Win32
		{C0BF669D-2E7F-4190-825E-DF4E84716DCF}.Debug|x86.Build.0 = Debug|Win32
		{C0BF669D-2E7F-4190-825E-DF4E84716DCF}.Release|Any CPU.ActiveCfg = Release|Win32
		{C0BF669D-2E7F-4190-825E-DF4E84716DCF}.Release|x64.ActiveCfg = Release|x64
		{C0BF669D-2E7F-4190-825E-DF4E84716DCF}.Release|x64.Build.0 = Release|x64
		{C0BF669D-2E7F-4190-825E-DF4E84716DCF}.Release|x86.ActiveCfg = Release|Win32
		{C0BF669D-2E7F-4190-825E-DF4E84716DCF}.Release|x86.Build.0 = Release|Win32
		{F9D282A8-35CB-4D7C-9352-7623196BDA15}.Debug|Any CPU.ActiveCfg = Debug|Win32
		{F9D282A8-35CB-4D7C-9352-7623196BDA15}.Debug|x64.ActiveCfg = Debug|x64
		{F9D282A8-35CB-4D7C-9352-7623196BDA15}.Debug|x64.Build.0 = Debug|x64
		{F9D282A8-35CB-4D7C-9352-7623196BDA15}.Debug|x86.ActiveCfg = Debug|Win32
		{F9D282A8-35CB-4D7C-9352-7623196BDA15}.Debug|x86.Build.0 = Debug|Win32
		{F9D282A8-35CB-4D7C-9352-7623196BDA15}.Release|Any CPU.ActiveCfg = Release|Win32
		{F9D282A8-35CB-4D7C-9352-7623196BDA15}.Release|x64.ActiveCfg = Release|x64
		{F9D282A8-35CB-4D7C-9352-7623196BDA15}.Release|x64.Build.0 = Release|x64
		{F9D282A8-35CB-4D7C-9352-7623196BDA15}.Release|x86.ActiveCfg = Release|Win32
		{F9D282A8-35CB-4D7C-9352-7623196BDA15}.Release|x86.Build.0 = Release|Win32
		{7F77FCBD-97C8-4C43-A447-E6EE0B627603}.Debug|Any CPU.ActiveCfg = Debug|Win32
		{7F77FCBD-97C8-4C43-A447-E6EE0B627603}.Debug|x64.ActiveCfg = Debug|x64
		{7F77FCBD-97C8-4C43-A447-E6EE0B627603}.Debug|x64.Build.0 = Debug|x64
		{7F77FCBD-97C8-4C43-A447-E6EE0B627603}.Debug|x86.ActiveCfg = Debug|Win32
		{7F77FCBD-97C8-4C43-A447-E6EE0B627603}.Debug|x86.Build.0 = Debug|Win32
		{7F77FCBD-97C8-4C43-A447-E6EE0B627603}.Release|Any CPU.ActiveCfg = Release|Win32
		{7F77FCBD-97C8-4C43-A447-E6EE0B627603}.Release|x64.ActiveCfg = Release|x64
		{7F77FCBD-97C8-4C43-A447-E6EE0B627603}.Release|x64.Build.0 = Release|x64
		{7F77FCBD-97C8-4C43-A447-E6EE0B627603}.Release|x86.ActiveCfg = Release|Win32
		{7F77FCBD-97C8-4C43-A447-E6EE0B627603}.Release|x86.Build.0 = Release|Win32
		{507BC19D-FFF1-4327-9E97-4D626549F379}.Debug|Any CPU.ActiveCfg = Debug|Win32
		{507BC19D-FFF1-4327-9E97-4D626549F379}.Debug|x64.ActiveCfg = Debug|x64
		{507BC19D-FFF1-4327-9E97-4D626549F379}.Debug|x64.Build.0 = Debug|x64
		{507BC19D-FFF1-4327-9E97-4D626549F379}.Debug|x86.ActiveCfg = Debug|Win32
		{507BC19D-FFF1-4327-9E97-4D626549F379}.Debug|x86.Build.0 = Debug|Win32
		{507BC19D-FFF1-4327-9E97-4D626549F379}.Release|Any CPU.ActiveCfg = Release|Win32
		{507BC19D-FFF1-4327-9E97-4D626549F379}.Release|x64.ActiveCfg = Release|x64
		{507BC19D-FFF1-4327-9E97-4D626549F379}.Release|x64.Build.0 = Release|x64
		{507BC19D-FFF1-4327-9E97-4D626549F379}.Release|x86.ActiveCfg = Release|Win32
		{507BC19D-FFF1-4327-9E97-4D626549F379}.Release|x86.Build.0 = Release|Win32
		{05411A89-71EE-4B9F-83E3-A1FFCC773763}.Debug|Any CPU.ActiveCfg = Debug|Win32
		{05411A89-71EE-4B9F-83E3-A1FFCC773763}.Debug|x64.ActiveCfg = Debug|x64
		{05411A89-71EE-4B9F-83E3-A1FFCC773763}.Debug|x64.Build.0 = Debug|x64
		{05411A89-71EE-4B9F-83E3-A1FFCC773763}.Debug|x86.ActiveCfg = Debug|Win32
		{05411A89-71EE-4B9F-83E3-A1FFCC773763}.Debug|x86.Build.0 = Debug|Win32
		{05411A89-71EE-4B9F-83E3-A1FFCC773763}.Release|Any CPU.ActiveCfg = Release|Win32
		{05411A89-71EE-4B9F-83E3-A1FFCC773763}.Release|x64.ActiveCfg = Release|x64
		{05411A89-71EE-4B9F-83E3-A1FFCC773763}.Release|x64.Build.0 = Release|x64
		{05411A89-71EE-4B9F-83E3-A1FFCC773763}.Release|x86.ActiveCfg = Release|Win32
		{05411A89-71EE-4B9F-83E3-A1FFCC773763}.Release|x86.Build.0 = Release|Win32
		{3F361F89-995C-49D1-9CB2-7D8029CB90C6}.Debug|Any CPU.ActiveCfg = Debug|Win32
		{3F361F89-995C-49D1-9CB2-7D8029CB90C6}.Debug|x64.ActiveCfg = Debug|x64
		{3F361F89-995C-49D1-9CB2-7D8029CB90C6}.Debug|x64.Build.0 = Debug|x64
		{3F361F89-995C-49D1-9CB2-7D8029CB90C6}.Debug|x86.ActiveCfg = Debug|Win32
		{3F361F89-995C-49D1-9CB2-7D8029CB90C6}.Debug|x86.Build.0 = Debug|Win32
		{3F361F89-995C-49D1-9CB2-7D8029CB90C6}.Release|Any CPU.ActiveCfg = Release|Win32
		{3F361F89-995C-49D1-9CB2-7D8029CB90C6}.Release|x64.ActiveCfg = Release|x64
		{3F361F89-995C-49D1-9CB2-7D8029CB90C6}.Release|x64.Build.0 = Release|x64
		{3F361F89-995C-49D1-9CB2-7D8029CB90C6}.Release|x86.ActiveCfg = Release|Win32
		{3F361F89-995C-49D1-9CB2-7D8029CB90C6}.Release|x86.Build.0 = Release|Win32
		{5D647EFF-CB5D-43AE-9726-E7912DCC0C5F}.Debug|Any CPU.ActiveCfg = Debug|Win32
		{5D647EFF-CB5D-43AE-9726-E7912DCC0C5F}.Debug|x64.ActiveCfg = Debug|x64
		{5D647EFF-CB5D-43AE-9726-E7912DCC0C5F}.Debug|x64.Build.0 = Debug|x64
		{5D647EFF-CB5D-43AE-9726-E7912DCC0C5F}.Debug|x86.ActiveCfg = Debug|Win32
		{5D647EFF-CB5D-43AE-9726-E7912DCC0C5F}.Debug|x86.Build.0 = Debug|Win32
		{5D647EFF-CB5D-43AE-9726-E7912DCC0C5F}.Release|Any CPU.ActiveCfg = Release|Win32
		{5D647EFF-CB5D-43AE-9726-E7912DCC0C5F}.Release|x64.ActiveCfg = Release|x64
		{5D647EFF-CB5D-43AE-9726-E7912DCC0C5F}.Release|x64.Build.0 = Release|x64
		{5D647EFF-CB5D-43AE-9726-E7912DCC0C5F}.Release|x86.ActiveCfg = Release|Win32
		{5D647EFF-CB5D-43AE-9726-E7912DCC0C5F}.Release|x86.Build.0 = Release|Win32
		{7BBC4AD0-F9B0-404B-8EAE-4C2E748EFE9A}.Debug|Any CPU.ActiveCfg = Debug|Win32
		{7BBC4AD0-F9B0-404B-8EAE-4C2E748EFE9A}.Debug|x64.ActiveCfg = Debug|x64
		{7BBC4AD0-F9B0-404B-8EAE-4C2E748EFE9A}.Debug|x64.Build.0 = Debug|x64
		{7BBC4AD0-F9B0-404B-8EAE-4C2E748EFE9A}.Debug|x86.ActiveCfg = Debug|Win32
		{7BBC4AD0-F9B0-404B-8EAE-4C2E748EFE9A}.Debug|x86.Build.0 = Debug|Win32
		{7BBC4AD0-F9B0-404B-8EAE-4C2E748EFE9A}.Release|Any CPU.ActiveCfg = Release|Win32
		{7BBC4AD0-F9B0-404B-8EAE-4C2E748EFE9A}.Release|x64.ActiveCfg = Release|x64
		{7BBC4AD0-F9B0-404B-8EAE-4C2E748EFE9A}.Release|x64.Build.0 = Release|x64
		{7BBC4AD0-F9B0-404B-8EAE-4C2E748EFE9A}.Release|x86.ActiveCfg = Release|Win32
		{7BBC4AD0-F9B0-404B-8EAE-4C2E748EFE9A}.Release|x86.Build.0 = Release|Win32
		{443750E4-6161-4053-A738-7D5CFF02C773}.Debug|Any CPU.ActiveCfg = Debug|Win32
		{443750E4-6161-4053-A738-7D5CFF02C773}.Debug|x64.ActiveCfg = Debug|x64
		{443750E4-6161-4053-A738-7D5CFF02C773}.Debug|x64.Build.0 = Debug|x64
		{443750E4-6161-4053-A738-7D5CFF02C773}.Debug|x86.ActiveCfg = Debug|Win32
		{443750E4-6161-4053-A738-7D5CFF02C773}.Debug|x86.Build.0 = Debug|Win32
		{443750E4-6161-4053-A738-7D5CFF02C773}.Release|Any CPU.ActiveCfg = Release|Win32
		{443750E4-6161-4053-A738-7D5CFF02C773}.Release|x64.ActiveCfg = Release|x64
		{443750E4-6161-4053-A738-7D5CFF02C773}.Release|x64.Build.0 = Release|x64
		{443750E4-6161-4053-A738-7D5CFF02C773}.Release|x86.ActiveCfg = Release|Win32
		{443750E4-6161-4053-A738-7D5CFF02C773}.Release|x86.Build.0 = Release|Win32
		{A15EA0EE-1B7C-49EE-B608-51428EBA9B6A}.Debug|Any CPU.ActiveCfg = Debug|Win32
		{A15EA0EE-1B7C-49EE-B608-51428EBA9B6A}.Debug|x64.ActiveCfg = Debug|x64
		{A15EA0EE-1B7C-49EE-B608-51428EBA9B6A}.Debug|x64.Build.0 = Debug|x64
		{A15EA0EE-1B7C-49EE-B608-51428EBA9B6A}.Debug|x86.ActiveCfg = Debug|Win32
		{A15EA0EE-1B7C-49EE-B608-51428EBA9B6A}.Debug|x86.Build.0 = Debug|Win32
		{A15EA0EE-1B7C-49EE-B608-51428EBA9B6A}.Release|Any CPU.ActiveCfg = Release|Win32
		{A15EA0EE-1B7C-49EE-B608-51428EBA9B6A}.Release|x64.ActiveCfg = Release|x64
		{A15EA0EE-1B7C-49EE-B608-51428EBA9B6A}.Release|x64.Build.0 = Release|x64
		{A15EA0EE-1B7C-49EE-B608-51428EBA9B6A}.Release|x86.ActiveCfg = Release|Win32
		{A15EA0EE-1B7C-49EE-B608-51428EBA9B6A}.Release|x86.Build.0 = Release|Win32
		{62017031-25D2-4432-B875-DF08DBC4D87F}.Debug|Any CPU.ActiveCfg = Debug|Win32
		{62017031-25D2-4432-B875-DF08DBC4D87F}.Debug|x64.ActiveCfg = Debug|x64
		{62017031-25D2-4432-B875-DF08DBC4D87F}.Debug|x64.Build.0 = Debug|x64
		{62017031-25D2-4432-B875-DF08DBC4D87F}.Debug|x86.ActiveCfg = Debug|Win32
		{62017031-25D2-4432-B875-DF08DBC4D87F}.Debug|x86.Build.0 = Debug|Win32
		{62017031-25D2-4432-B875-DF08DBC4D87F}.Release|Any CPU.ActiveCfg = Release|Win32
		{62017031-25D2-4432-B875-DF08DBC4D87F}.Release|x64.ActiveCfg = Release|x64
		{62017031-25D2-4432-B875-DF08DBC4D87F}.Release|x64.Build.0 = Release|x64
		{62017031-25D2-4432-B875-DF08DBC4D87F}.Release|x86.ActiveCfg = Release|Win32
		{62017031-25D2-4432-B875-DF08DBC4D87F}.Release|x86.Build.0 = Release|Win32
		{9CBD6EDC-FFE5-438E-984F-2AA6C839C43A}.Debug|Any CPU.ActiveCfg = Debug|Win32
		{9CBD6EDC-FFE5-438E-984F-2AA6C839C43A}.Debug|x64.ActiveCfg = Debug|x64
		{9CBD6EDC-FFE5-438E-984F-2AA6C839C43A}.Debug|x64.Build.0 = Debug|x64
		{9CBD6EDC-FFE5-438E-984F-2AA6C839C43A}.Debug|x86.ActiveCfg = Debug|Win32
		{9CBD6EDC-FFE5-438E-984F-2AA6C839C43A}.Debug|x86.Build.0 = Debug|Win32
		{9CBD6EDC-FFE5-438E-984F-2AA6C839C43A}.Release|Any CPU.ActiveCfg = Release|Win32
		{9CBD6EDC-FFE5-438E-984F-2AA6C839C43A}.Release|x64.ActiveCfg = Release|x64
		{9CBD6EDC-FFE5-438E-984F-2AA6C839C43A}.Release|x64.Build.0 = Release|x64
		{9CBD6EDC-FFE5-438E-984F-2AA6C839C43A}.Release|x86.ActiveCfg = Release|Win32
		{9CBD6EDC-FFE5-438E-984F-2AA6C839C43A}.Release|x86.Build.0 = Release|Win32
		{B67005D3-79A8-4E01-8FEF-3A14E100ED36}.Debug|Any CPU.ActiveCfg = Debug|Win32
		{B67005D3-79A8-4E01-8FEF-3A14E100ED36}.Debug|x64.ActiveCfg = Debug|x64
		{B67005D3-79A8-4E01-8FEF-3A14E100ED36}.Debug|x64.Build.0 = Debug|x64
		{B67005D3-79A8-4E01-8FEF-3A14E100ED36}.Debug|x86.ActiveCfg = Debug|Win32
		{B67005D3-79A8-4E01-8FEF-3A14E100ED36}.Debug|x86.Build.0 = Debug|Win32
		{B67005D3-79A8-4E01-8FEF-3A14E100ED36}.Release|Any CPU.ActiveCfg = Release|Win32
		{B67005D3-79A8-4E01-8FEF-3A14E100ED36}.Release|x64.ActiveCfg = Release|x64
		{B67005D3-79A8-4E01-8FEF-3A14E100ED36}.Release|x64.Build.0 = Release|x64
		{B67005D3-79A8-4E01-8FEF-3A14E100ED36}.Release|x86.ActiveCfg = Release|Win32
		{B67005D3-79A8-4E01-8FEF-3A14E100ED36}.Release|x86.Build.0 = Release|Win32
		{AAE7DD63-724C-4043-BE7F-2D4DDB207CD6}.Debug|Any CPU.ActiveCfg = Debug|Win32
		{AAE7DD63-724C-4043-BE7F-2D4DDB207CD6}.Debug|x64.ActiveCfg = Debug|x64
		{AAE7DD63-724C-4043-BE7F-2D4DDB207CD6}.Debug|x64.Build.0 = Debug|x64
		{AAE7DD63-724C-4043-BE7F-2D4DDB207CD6}.Debug|x86.ActiveCfg = Debug|Win32
		{AAE7DD63-724C-4043-BE7F-2D4DDB207CD6}.Debug|x86.Build.0 = Debug|Win32
		{AAE7DD63-724C-4043-BE7F-2D4DDB207CD6}.Release|Any CPU.ActiveCfg = Release|Win32
		{AAE7DD63-724C-4043-BE7F-2D4DDB207CD6}.Release|x64.ActiveCfg = Release|x64
		{AAE7DD63-724C-4043-BE7F-2D4DDB207CD6}.Release|x64.Build.0 = Release|x64
		{AAE7DD63-724C-4043-BE7F-2D4DDB207CD6}.Release|x86.ActiveCfg = Release|Win32
		{AAE7DD63-724C-4043-BE7F-2D4DDB207CD6}.Release|x86.Build.0 = Release|Win32
		{DFCE8297-3AB7-4059-96DC-A50E327B587B}.Debug|Any CPU.ActiveCfg = Debug|Win32
		{DFCE8297-3AB7-4059-96DC-A50E327B587B}.Debug|x64.ActiveCfg = Debug|x64
		{DFCE8297-3AB7-4059-96DC-A50E327B587B}.Debug|x64.Build.0 = Debug|x64
		{DFCE8297-3AB7-4059-96DC-A50E327B587B}.Debug|x86.ActiveCfg = Debug|Win32
		{DFCE8297-3AB7-4059-96DC-A50E327B587B}.Debug|x86.Build.0 = Debug|Win32
		{DFCE8297-3AB7-4059-96DC-A50E327B587B}.Release|Any CPU.ActiveCfg = Release|Win32
		{DFCE8297-3AB7-4059-96DC-A50E327B587B}.Release|x64.ActiveCfg = Release|x64
		{DFCE8297-3AB7-4059-96DC-A50E327B587B}.Release|x64.Build.0 = Release|x64
		{DFCE8297-3AB7-4059-96DC-A50E327B587B}.Release|x86.ActiveCfg = Release|Win32
		{DFCE8297-3AB7-4059-96DC-A50E327B587B}.Release|x86.Build.0 = Release|Win32
		{8FCC099F-DB79-418F-8265-86ABE86BF9F0}.Debug|Any CPU.ActiveCfg = Debug|Win32
		{8FCC099F-DB79-418F-8265-86ABE86BF9F0}.Debug|x64.ActiveCfg = Debug|x64
		{8FCC099F-DB79-418F-8265-86ABE86BF9F0}.Debug|x64.Build.0 = Debug|x64
		{8FCC099F-DB79-418F-8265-86ABE86BF9F0}.Debug|x86.ActiveCfg = Debug|Win32
		{8FCC099F-DB79-418F-8265-86ABE86BF9F0}.Debug|x86.Build.0 = Debug|Win32
		{8FCC099F-DB79-418F-8265-86ABE86BF9F0}.Release|Any CPU.ActiveCfg = Release|Win32
		{8FCC099F-DB79-418F-8265-86ABE86BF9F0}.Release|x64.ActiveCfg = Release|x64
		{8FCC099F-DB79-418F-8265-86ABE86BF9F0}.Release|x64.Build.0 = Release|x64
		{8FCC099F-DB79-418F-8265-86ABE86BF9F0}.Release|x86.ActiveCfg = Release|Win32
		{8FCC099F-DB79-418F-8265-86ABE86BF9F0}.Release|x86.Build.0 = Release|Win32
	EndGlobalSection
	GlobalSection(SolutionProperties) = preSolution
		HideSolutionNode = FALSE
	EndGlobalSection
	GlobalSection(ExtensibilityGlobals) = postSolution
		SolutionGuid = {E0EB3E45-0D88-4ACC-8CBE-9876B9840763}
	EndGlobalSection
EndGlobal
